
Microsoft Visual Studio Solution File, Format Version 12.00
# Visual Studio Version 16
VisualStudioVersion = 25.0.1706.11
MinimumVisualStudioVersion = 10.0.40219.1
Project("{FAE04EC0-301F-11D3-BF4B-00C04F79EFBC}") = "VariablesExercise", "VariablesExercise.csproj", "{90D1C2E6-B817-4F74-B318-E6C2B8DAF909}"
EndProject
Global
	GlobalSection(SolutionConfigurationPlatforms) = preSolution
		Debug|Any CPU = Debug|Any CPU
		Release|Any CPU = Release|Any CPU
	EndGlobalSection
	GlobalSection(ProjectConfigurationPlatforms) = postSolution
		{90D1C2E6-B817-4F74-B318-E6C2B8DAF909}.Debug|Any CPU.ActiveCfg = Debug|Any CPU
		{90D1C2E6-B817-4F74-B318-E6C2B8DAF909}.Debug|Any CPU.Build.0 = Debug|Any CPU
		{90D1C2E6-B817-4F74-B318-E6C2B8DAF909}.Release|Any CPU.ActiveCfg = Release|Any CPU
		{90D1C2E6-B817-4F74-B318-E6C2B8DAF909}.Release|Any CPU.Build.0 = Release|Any CPU
	EndGlobalSection
	GlobalSection(SolutionProperties) = preSolution
		HideSolutionNode = FALSE
	EndGlobalSection
	GlobalSection(ExtensibilityGlobals) = postSolution
		SolutionGuid = {F613AAD1-B0C5-448F-8A26-7BC44F9DBB8F}
	EndGlobalSection
EndGlobal
